
Microsoft Visual Studio Solution File, Format Version 11.00
# Visual Studio 2010
# SharpDevelop 5.1
Project("{FAE04EC0-301F-11D3-BF4B-00C04F79EFBC}") = "Data Structures", "Data Structures\Data Structures.csproj", "{DC790498-A745-4967-BEA8-02470D692EE0}"
EndProject
Global
	GlobalSection(SolutionConfigurationPlatforms) = preSolution
		Debug|Any CPU = Debug|Any CPU
		Release|Any CPU = Release|Any CPU
	EndGlobalSection
	GlobalSection(ProjectConfigurationPlatforms) = postSolution
		{DC790498-A745-4967-BEA8-02470D692EE0}.Debug|Any CPU.ActiveCfg = Debug|Any CPU
		{DC790498-A745-4967-BEA8-02470D692EE0}.Debug|Any CPU.Build.0 = Debug|Any CPU
		{DC790498-A745-4967-BEA8-02470D692EE0}.Release|Any CPU.ActiveCfg = Release|Any CPU
		{DC790498-A745-4967-BEA8-02470D692EE0}.Release|Any CPU.Build.0 = Release|Any CPU
	EndGlobalSection
EndGlobal
